// !$*UTF8*$!
{
	archiveVersion = 1;
	classes = {
	};
	objectVersion = 77;
	objects = {

/* Begin PBXBuildFile section */
		8C7097872DDF7CE5002E2C78 /* Petstore in Frameworks */ = {isa = PBXBuildFile; productRef = 8C7097862DDF7CE5002E2C78 /* Petstore */; };
		8C70978A2DDF7D03002E2C78 /* Todo in Frameworks */ = {isa = PBXBuildFile; productRef = 8C7097892DDF7D03002E2C78 /* Todo */; };
		8C7C30AE2DDE1EEE00A4E3B5 /* Petstore in Frameworks */ = {isa = PBXBuildFile; productRef = 8C7C30AD2DDE1EEE00A4E3B5 /* Petstore */; };
		8C7C30B82DDE24D800A4E3B5 /* Todo in Frameworks */ = {isa = PBXBuildFile; productRef = 8C7C30B72DDE24D800A4E3B5 /* Todo */; };
/* End PBXBuildFile section */

/* Begin PBXContainerItemProxy section */
		8C7C30832DDE186F00A4E3B5 /* PBXContainerItemProxy */ = {
			isa = PBXContainerItemProxy;
			containerPortal = 8C7C306C2DDE186E00A4E3B5 /* Project object */;
			proxyType = 1;
			remoteGlobalIDString = 8C7C30732DDE186E00A4E3B5;
			remoteInfo = PetsRUs;
		};
		8C7C308D2DDE186F00A4E3B5 /* PBXContainerItemProxy */ = {
			isa = PBXContainerItemProxy;
			containerPortal = 8C7C306C2DDE186E00A4E3B5 /* Project object */;
			proxyType = 1;
			remoteGlobalIDString = 8C7C30732DDE186E00A4E3B5;
			remoteInfo = PetsRUs;
		};
/* End PBXContainerItemProxy section */

/* Begin PBXFileReference section */
		8C7C30742DDE186E00A4E3B5 /* PetsRUs.app */ = {isa = PBXFileReference; explicitFileType = wrapper.application; includeInIndex = 0; path = PetsRUs.app; sourceTree = BUILT_PRODUCTS_DIR; };
		8C7C30822DDE186F00A4E3B5 /* PetsRUsTests.xctest */ = {isa = PBXFileReference; explicitFileType = wrapper.cfbundle; includeInIndex = 0; path = PetsRUsTests.xctest; sourceTree = BUILT_PRODUCTS_DIR; };
		8C7C308C2DDE186F00A4E3B5 /* PetsRUsUITests.xctest */ = {isa = PBXFileReference; explicitFileType = wrapper.cfbundle; includeInIndex = 0; path = PetsRUsUITests.xctest; sourceTree = BUILT_PRODUCTS_DIR; };
/* End PBXFileReference section */

/* Begin PBXFileSystemSynchronizedRootGroup section */
		8C7C30762DDE186E00A4E3B5 /* PetsRUs */ = {
			isa = PBXFileSystemSynchronizedRootGroup;
			path = PetsRUs;
			sourceTree = "<group>";
		};
		8C7C30852DDE186F00A4E3B5 /* PetsRUsTests */ = {
			isa = PBXFileSystemSynchronizedRootGroup;
			path = PetsRUsTests;
			sourceTree = "<group>";
		};
		8C7C308F2DDE186F00A4E3B5 /* PetsRUsUITests */ = {
			isa = PBXFileSystemSynchronizedRootGroup;
			path = PetsRUsUITests;
			sourceTree = "<group>";
		};
/* End PBXFileSystemSynchronizedRootGroup section */

/* Begin PBXFrameworksBuildPhase section */
		8C7C30712DDE186E00A4E3B5 /* Frameworks */ = {
			isa = PBXFrameworksBuildPhase;
			buildActionMask = 2147483647;
			files = (
				8C7C30B82DDE24D800A4E3B5 /* Todo in Frameworks */,
				8C7C30AE2DDE1EEE00A4E3B5 /* Petstore in Frameworks */,
				8C70978A2DDF7D03002E2C78 /* Todo in Frameworks */,
				8C7097872DDF7CE5002E2C78 /* Petstore in Frameworks */,
			);
			runOnlyForDeploymentPostprocessing = 0;
		};
		8C7C307F2DDE186F00A4E3B5 /* Frameworks */ = {
			isa = PBXFrameworksBuildPhase;
			buildActionMask = 2147483647;
			files = (
			);
			runOnlyForDeploymentPostprocessing = 0;
		};
		8C7C30892DDE186F00A4E3B5 /* Frameworks */ = {
			isa = PBXFrameworksBuildPhase;
			buildActionMask = 2147483647;
			files = (
			);
			runOnlyForDeploymentPostprocessing = 0;
		};
/* End PBXFrameworksBuildPhase section */

/* Begin PBXGroup section */
		8C7C306B2DDE186E00A4E3B5 = {
			isa = PBXGroup;
			children = (
				8C7C30762DDE186E00A4E3B5 /* PetsRUs */,
				8C7C30852DDE186F00A4E3B5 /* PetsRUsTests */,
				8C7C308F2DDE186F00A4E3B5 /* PetsRUsUITests */,
				8C7C30752DDE186E00A4E3B5 /* Products */,
			);
			sourceTree = "<group>";
		};
		8C7C30752DDE186E00A4E3B5 /* Products */ = {
			isa = PBXGroup;
			children = (
				8C7C30742DDE186E00A4E3B5 /* PetsRUs.app */,
				8C7C30822DDE186F00A4E3B5 /* PetsRUsTests.xctest */,
				8C7C308C2DDE186F00A4E3B5 /* PetsRUsUITests.xctest */,
			);
			name = Products;
			sourceTree = "<group>";
		};
/* End PBXGroup section */

/* Begin PBXNativeTarget section */
		8C7C30732DDE186E00A4E3B5 /* PetsRUs */ = {
			isa = PBXNativeTarget;
			buildConfigurationList = 8C7C30962DDE186F00A4E3B5 /* Build configuration list for PBXNativeTarget "PetsRUs" */;
			buildPhases = (
				8C7C30702DDE186E00A4E3B5 /* Sources */,
				8C7C30712DDE186E00A4E3B5 /* Frameworks */,
				8C7C30722DDE186E00A4E3B5 /* Resources */,
			);
			buildRules = (
			);
			dependencies = (
			);
			fileSystemSynchronizedGroups = (
				8C7C30762DDE186E00A4E3B5 /* PetsRUs */,
			);
			name = PetsRUs;
			packageProductDependencies = (
				8C7C30AD2DDE1EEE00A4E3B5 /* Petstore */,
				8C7C30B72DDE24D800A4E3B5 /* Todo */,
				8C7097862DDF7CE5002E2C78 /* Petstore */,
				8C7097892DDF7D03002E2C78 /* Todo */,
			);
			productName = PetsRUs;
			productReference = 8C7C30742DDE186E00A4E3B5 /* PetsRUs.app */;
			productType = "com.apple.product-type.application";
		};
		8C7C30812DDE186F00A4E3B5 /* PetsRUsTests */ = {
			isa = PBXNativeTarget;
			buildConfigurationList = 8C7C30992DDE186F00A4E3B5 /* Build configuration list for PBXNativeTarget "PetsRUsTests" */;
			buildPhases = (
				8C7C307E2DDE186F00A4E3B5 /* Sources */,
				8C7C307F2DDE186F00A4E3B5 /* Frameworks */,
				8C7C30802DDE186F00A4E3B5 /* Resources */,
			);
			buildRules = (
			);
			dependencies = (
				8C7C30842DDE186F00A4E3B5 /* PBXTargetDependency */,
			);
			fileSystemSynchronizedGroups = (
				8C7C30852DDE186F00A4E3B5 /* PetsRUsTests */,
			);
			name = PetsRUsTests;
			packageProductDependencies = (
			);
			productName = PetsRUsTests;
			productReference = 8C7C30822DDE186F00A4E3B5 /* PetsRUsTests.xctest */;
			productType = "com.apple.product-type.bundle.unit-test";
		};
		8C7C308B2DDE186F00A4E3B5 /* PetsRUsUITests */ = {
			isa = PBXNativeTarget;
			buildConfigurationList = 8C7C309C2DDE186F00A4E3B5 /* Build configuration list for PBXNativeTarget "PetsRUsUITests" */;
			buildPhases = (
				8C7C30882DDE186F00A4E3B5 /* Sources */,
				8C7C30892DDE186F00A4E3B5 /* Frameworks */,
				8C7C308A2DDE186F00A4E3B5 /* Resources */,
			);
			buildRules = (
			);
			dependencies = (
				8C7C308E2DDE186F00A4E3B5 /* PBXTargetDependency */,
			);
			fileSystemSynchronizedGroups = (
				8C7C308F2DDE186F00A4E3B5 /* PetsRUsUITests */,
			);
			name = PetsRUsUITests;
			packageProductDependencies = (
			);
			productName = PetsRUsUITests;
			productReference = 8C7C308C2DDE186F00A4E3B5 /* PetsRUsUITests.xctest */;
			productType = "com.apple.product-type.bundle.ui-testing";
		};
/* End PBXNativeTarget section */

/* Begin PBXProject section */
		8C7C306C2DDE186E00A4E3B5 /* Project object */ = {
			isa = PBXProject;
			attributes = {
				BuildIndependentTargetsInParallel = 1;
				LastSwiftUpdateCheck = 1630;
				LastUpgradeCheck = 1630;
				TargetAttributes = {
					8C7C30732DDE186E00A4E3B5 = {
						CreatedOnToolsVersion = 16.3;
					};
					8C7C30812DDE186F00A4E3B5 = {
						CreatedOnToolsVersion = 16.3;
						TestTargetID = 8C7C30732DDE186E00A4E3B5;
					};
					8C7C308B2DDE186F00A4E3B5 = {
						CreatedOnToolsVersion = 16.3;
						TestTargetID = 8C7C30732DDE186E00A4E3B5;
					};
				};
			};
			buildConfigurationList = 8C7C306F2DDE186E00A4E3B5 /* Build configuration list for PBXProject "PetsRUs" */;
			developmentRegion = en;
			hasScannedForEncodings = 0;
			knownRegions = (
				en,
				Base,
			);
			mainGroup = 8C7C306B2DDE186E00A4E3B5;
			minimizedProjectReferenceProxies = 1;
			packageReferences = (
				8C7097852DDF7CE5002E2C78 /* XCLocalSwiftPackageReference "LocalPackages/Petstore" */,
				8C7097882DDF7D03002E2C78 /* XCLocalSwiftPackageReference "LocalPackages/Todo" */,
			);
			preferredProjectObjectVersion = 77;
			productRefGroup = 8C7C30752DDE186E00A4E3B5 /* Products */;
			projectDirPath = "";
			projectRoot = "";
			targets = (
				8C7C30732DDE186E00A4E3B5 /* PetsRUs */,
				8C7C30812DDE186F00A4E3B5 /* PetsRUsTests */,
				8C7C308B2DDE186F00A4E3B5 /* PetsRUsUITests */,
			);
		};
/* End PBXProject section */

/* Begin PBXResourcesBuildPhase section */
		8C7C30722DDE186E00A4E3B5 /* Resources */ = {
			isa = PBXResourcesBuildPhase;
			buildActionMask = 2147483647;
			files = (
			);
			runOnlyForDeploymentPostprocessing = 0;
		};
		8C7C30802DDE186F00A4E3B5 /* Resources */ = {
			isa = PBXResourcesBuildPhase;
			buildActionMask = 2147483647;
			files = (
			);
			runOnlyForDeploymentPostprocessing = 0;
		};
		8C7C308A2DDE186F00A4E3B5 /* Resources */ = {
			isa = PBXResourcesBuildPhase;
			buildActionMask = 2147483647;
			files = (
			);
			runOnlyForDeploymentPostprocessing = 0;
		};
/* End PBXResourcesBuildPhase section */

/* Begin PBXSourcesBuildPhase section */
		8C7C30702DDE186E00A4E3B5 /* Sources */ = {
			isa = PBXSourcesBuildPhase;
			buildActionMask = 2147483647;
			files = (
			);
			runOnlyForDeploymentPostprocessing = 0;
		};
		8C7C307E2DDE186F00A4E3B5 /* Sources */ = {
			isa = PBXSourcesBuildPhase;
			buildActionMask = 2147483647;
			files = (
			);
			runOnlyForDeploymentPostprocessing = 0;
		};
		8C7C30882DDE186F00A4E3B5 /* Sources */ = {
			isa = PBXSourcesBuildPhase;
			buildActionMask = 2147483647;
			files = (
			);
			runOnlyForDeploymentPostprocessing = 0;
		};
/* End PBXSourcesBuildPhase section */

/* Begin PBXTargetDependency section */
		8C7C30842DDE186F00A4E3B5 /* PBXTargetDependency */ = {
			isa = PBXTargetDependency;
			target = 8C7C30732DDE186E00A4E3B5 /* PetsRUs */;
			targetProxy = 8C7C30832DDE186F00A4E3B5 /* PBXContainerItemProxy */;
		};
		8C7C308E2DDE186F00A4E3B5 /* PBXTargetDependency */ = {
			isa = PBXTargetDependency;
			target = 8C7C30732DDE186E00A4E3B5 /* PetsRUs */;
			targetProxy = 8C7C308D2DDE186F00A4E3B5 /* PBXContainerItemProxy */;
		};
/* End PBXTargetDependency section */

/* Begin XCBuildConfiguration section */
		8C7C30942DDE186F00A4E3B5 /* Debug */ = {
			isa = XCBuildConfiguration;
			buildSettings = {
				ALWAYS_SEARCH_USER_PATHS = NO;
				ASSETCATALOG_COMPILER_GENERATE_SWIFT_ASSET_SYMBOL_EXTENSIONS = YES;
				CLANG_ANALYZER_NONNULL = YES;
				CLANG_ANALYZER_NUMBER_OBJECT_CONVERSION = YES_AGGRESSIVE;
				CLANG_CXX_LANGUAGE_STANDARD = "gnu++20";
				CLANG_ENABLE_MODULES = YES;
				CLANG_ENABLE_OBJC_ARC = YES;
				CLANG_ENABLE_OBJC_WEAK = YES;
				CLANG_WARN_BLOCK_CAPTURE_AUTORELEASING = YES;
				CLANG_WARN_BOOL_CONVERSION = YES;
				CLANG_WARN_COMMA = YES;
				CLANG_WARN_CONSTANT_CONVERSION = YES;
				CLANG_WARN_DEPRECATED_OBJC_IMPLEMENTATIONS = YES;
				CLANG_WARN_DIRECT_OBJC_ISA_USAGE = YES_ERROR;
				CLANG_WARN_DOCUMENTATION_COMMENTS = YES;
				CLANG_WARN_EMPTY_BODY = YES;
				CLANG_WARN_ENUM_CONVERSION = YES;
				CLANG_WARN_INFINITE_RECURSION = YES;
				CLANG_WARN_INT_CONVERSION = YES;
				CLANG_WARN_NON_LITERAL_NULL_CONVERSION = YES;
				CLANG_WARN_OBJC_IMPLICIT_RETAIN_SELF = YES;
				CLANG_WARN_OBJC_LITERAL_CONVERSION = YES;
				CLANG_WARN_OBJC_ROOT_CLASS = YES_ERROR;
				CLANG_WARN_QUOTED_INCLUDE_IN_FRAMEWORK_HEADER = YES;
				CLANG_WARN_RANGE_LOOP_ANALYSIS = YES;
				CLANG_WARN_STRICT_PROTOTYPES = YES;
				CLANG_WARN_SUSPICIOUS_MOVE = YES;
				CLANG_WARN_UNGUARDED_AVAILABILITY = YES_AGGRESSIVE;
				CLANG_WARN_UNREACHABLE_CODE = YES;
				CLANG_WARN__DUPLICATE_METHOD_MATCH = YES;
				COPY_PHASE_STRIP = NO;
				DEBUG_INFORMATION_FORMAT = dwarf;
				DEVELOPMENT_TEAM = UV8UF9RMEV;
				ENABLE_STRICT_OBJC_MSGSEND = YES;
				ENABLE_TESTABILITY = YES;
				ENABLE_USER_SCRIPT_SANDBOXING = YES;
				GCC_C_LANGUAGE_STANDARD = gnu17;
				GCC_DYNAMIC_NO_PIC = NO;
				GCC_NO_COMMON_BLOCKS = YES;
				GCC_OPTIMIZATION_LEVEL = 0;
				GCC_PREPROCESSOR_DEFINITIONS = (
					"DEBUG=1",
					"$(inherited)",
				);
				GCC_WARN_64_TO_32_BIT_CONVERSION = YES;
				GCC_WARN_ABOUT_RETURN_TYPE = YES_ERROR;
				GCC_WARN_UNDECLARED_SELECTOR = YES;
				GCC_WARN_UNINITIALIZED_AUTOS = YES_AGGRESSIVE;
				GCC_WARN_UNUSED_FUNCTION = YES;
				GCC_WARN_UNUSED_VARIABLE = YES;
				LOCALIZATION_PREFERS_STRING_CATALOGS = YES;
				MTL_ENABLE_DEBUG_INFO = INCLUDE_SOURCE;
				MTL_FAST_MATH = YES;
				ONLY_ACTIVE_ARCH = YES;
				SWIFT_ACTIVE_COMPILATION_CONDITIONS = "DEBUG $(inherited)";
				SWIFT_OPTIMIZATION_LEVEL = "-Onone";
			};
			name = Debug;
		};
		8C7C30952DDE186F00A4E3B5 /* Release */ = {
			isa = XCBuildConfiguration;
			buildSettings = {
				ALWAYS_SEARCH_USER_PATHS = NO;
				ASSETCATALOG_COMPILER_GENERATE_SWIFT_ASSET_SYMBOL_EXTENSIONS = YES;
				CLANG_ANALYZER_NONNULL = YES;
				CLANG_ANALYZER_NUMBER_OBJECT_CONVERSION = YES_AGGRESSIVE;
				CLANG_CXX_LANGUAGE_STANDARD = "gnu++20";
				CLANG_ENABLE_MODULES = YES;
				CLANG_ENABLE_OBJC_ARC = YES;
				CLANG_ENABLE_OBJC_WEAK = YES;
				CLANG_WARN_BLOCK_CAPTURE_AUTORELEASING = YES;
				CLANG_WARN_BOOL_CONVERSION = YES;
				CLANG_WARN_COMMA = YES;
				CLANG_WARN_CONSTANT_CONVERSION = YES;
				CLANG_WARN_DEPRECATED_OBJC_IMPLEMENTATIONS = YES;
				CLANG_WARN_DIRECT_OBJC_ISA_USAGE = YES_ERROR;
				CLANG_WARN_DOCUMENTATION_COMMENTS = YES;
				CLANG_WARN_EMPTY_BODY = YES;
				CLANG_WARN_ENUM_CONVERSION = YES;
				CLANG_WARN_INFINITE_RECURSION = YES;
				CLANG_WARN_INT_CONVERSION = YES;
				CLANG_WARN_NON_LITERAL_NULL_CONVERSION = YES;
				CLANG_WARN_OBJC_IMPLICIT_RETAIN_SELF = YES;
				CLANG_WARN_OBJC_LITERAL_CONVERSION = YES;
				CLANG_WARN_OBJC_ROOT_CLASS = YES_ERROR;
				CLANG_WARN_QUOTED_INCLUDE_IN_FRAMEWORK_HEADER = YES;
				CLANG_WARN_RANGE_LOOP_ANALYSIS = YES;
				CLANG_WARN_STRICT_PROTOTYPES = YES;
				CLANG_WARN_SUSPICIOUS_MOVE = YES;
				CLANG_WARN_UNGUARDED_AVAILABILITY = YES_AGGRESSIVE;
				CLANG_WARN_UNREACHABLE_CODE = YES;
				CLANG_WARN__DUPLICATE_METHOD_MATCH = YES;
				COPY_PHASE_STRIP = NO;
				DEBUG_INFORMATION_FORMAT = "dwarf-with-dsym";
				DEVELOPMENT_TEAM = UV8UF9RMEV;
				ENABLE_NS_ASSERTIONS = NO;
				ENABLE_STRICT_OBJC_MSGSEND = YES;
				ENABLE_USER_SCRIPT_SANDBOXING = YES;
				GCC_C_LANGUAGE_STANDARD = gnu17;
				GCC_NO_COMMON_BLOCKS = YES;
				GCC_WARN_64_TO_32_BIT_CONVERSION = YES;
				GCC_WARN_ABOUT_RETURN_TYPE = YES_ERROR;
				GCC_WARN_UNDECLARED_SELECTOR = YES;
				GCC_WARN_UNINITIALIZED_AUTOS = YES_AGGRESSIVE;
				GCC_WARN_UNUSED_FUNCTION = YES;
				GCC_WARN_UNUSED_VARIABLE = YES;
				LOCALIZATION_PREFERS_STRING_CATALOGS = YES;
				MTL_ENABLE_DEBUG_INFO = NO;
				MTL_FAST_MATH = YES;
				SWIFT_COMPILATION_MODE = wholemodule;
			};
			name = Release;
		};
		8C7C30972DDE186F00A4E3B5 /* Debug */ = {
			isa = XCBuildConfiguration;
			buildSettings = {
				ASSETCATALOG_COMPILER_APPICON_NAME = AppIcon;
				ASSETCATALOG_COMPILER_GLOBAL_ACCENT_COLOR_NAME = AccentColor;
				CODE_SIGN_ENTITLEMENTS = PetsRUs/PetsRUs.entitlements;
				CODE_SIGN_STYLE = Automatic;
				CURRENT_PROJECT_VERSION = 1;
				DEVELOPMENT_TEAM = UV8UF9RMEV;
				ENABLE_HARDENED_RUNTIME = YES;
				ENABLE_PREVIEWS = YES;
				GENERATE_INFOPLIST_FILE = YES;
				"INFOPLIST_KEY_UIApplicationSceneManifest_Generation[sdk=iphoneos*]" = YES;
				"INFOPLIST_KEY_UIApplicationSceneManifest_Generation[sdk=iphonesimulator*]" = YES;
				"INFOPLIST_KEY_UIApplicationSupportsIndirectInputEvents[sdk=iphoneos*]" = YES;
				"INFOPLIST_KEY_UIApplicationSupportsIndirectInputEvents[sdk=iphonesimulator*]" = YES;
				"INFOPLIST_KEY_UILaunchScreen_Generation[sdk=iphoneos*]" = YES;
				"INFOPLIST_KEY_UILaunchScreen_Generation[sdk=iphonesimulator*]" = YES;
				"INFOPLIST_KEY_UIStatusBarStyle[sdk=iphoneos*]" = UIStatusBarStyleDefault;
				"INFOPLIST_KEY_UIStatusBarStyle[sdk=iphonesimulator*]" = UIStatusBarStyleDefault;
				INFOPLIST_KEY_UISupportedInterfaceOrientations_iPad = "UIInterfaceOrientationPortrait UIInterfaceOrientationPortraitUpsideDown UIInterfaceOrientationLandscapeLeft UIInterfaceOrientationLandscapeRight";
				INFOPLIST_KEY_UISupportedInterfaceOrientations_iPhone = "UIInterfaceOrientationPortrait UIInterfaceOrientationLandscapeLeft UIInterfaceOrientationLandscapeRight";
				IPHONEOS_DEPLOYMENT_TARGET = 16.6;
				LD_RUNPATH_SEARCH_PATHS = "@executable_path/Frameworks";
				"LD_RUNPATH_SEARCH_PATHS[sdk=macosx*]" = "@executable_path/../Frameworks";
				MACOSX_DEPLOYMENT_TARGET = 15.4;
				MARKETING_VERSION = 1.0;
				PRODUCT_BUNDLE_IDENTIFIER = com.cathalfarrell.PetsRUs;
				PRODUCT_NAME = "$(TARGET_NAME)";
				REGISTER_APP_GROUPS = YES;
				SDKROOT = auto;
				SUPPORTED_PLATFORMS = "iphoneos iphonesimulator macosx xros xrsimulator";
				SWIFT_EMIT_LOC_STRINGS = YES;
				SWIFT_VERSION = 5.0;
				TARGETED_DEVICE_FAMILY = "1,2,7";
				XROS_DEPLOYMENT_TARGET = 2.4;
			};
			name = Debug;
		};
		8C7C30982DDE186F00A4E3B5 /* Release */ = {
			isa = XCBuildConfiguration;
			buildSettings = {
				ASSETCATALOG_COMPILER_APPICON_NAME = AppIcon;
				ASSETCATALOG_COMPILER_GLOBAL_ACCENT_COLOR_NAME = AccentColor;
				CODE_SIGN_ENTITLEMENTS = PetsRUs/PetsRUs.entitlements;
				CODE_SIGN_STYLE = Automatic;
				CURRENT_PROJECT_VERSION = 1;
				DEVELOPMENT_TEAM = UV8UF9RMEV;
				ENABLE_HARDENED_RUNTIME = YES;
				ENABLE_PREVIEWS = YES;
				GENERATE_INFOPLIST_FILE = YES;
				"INFOPLIST_KEY_UIApplicationSceneManifest_Generation[sdk=iphoneos*]" = YES;
				"INFOPLIST_KEY_UIApplicationSceneManifest_Generation[sdk=iphonesimulator*]" = YES;
				"INFOPLIST_KEY_UIApplicationSupportsIndirectInputEvents[sdk=iphoneos*]" = YES;
				"INFOPLIST_KEY_UIApplicationSupportsIndirectInputEvents[sdk=iphonesimulator*]" = YES;
				"INFOPLIST_KEY_UILaunchScreen_Generation[sdk=iphoneos*]" = YES;
				"INFOPLIST_KEY_UILaunchScreen_Generation[sdk=iphonesimulator*]" = YES;
				"INFOPLIST_KEY_UIStatusBarStyle[sdk=iphoneos*]" = UIStatusBarStyleDefault;
				"INFOPLIST_KEY_UIStatusBarStyle[sdk=iphonesimulator*]" = UIStatusBarStyleDefault;
				INFOPLIST_KEY_UISupportedInterfaceOrientations_iPad = "UIInterfaceOrientationPortrait UIInterfaceOrientationPortraitUpsideDown UIInterfaceOrientationLandscapeLeft UIInterfaceOrientationLandscapeRight";
				INFOPLIST_KEY_UISupportedInterfaceOrientations_iPhone = "UIInterfaceOrientationPortrait UIInterfaceOrientationLandscapeLeft UIInterfaceOrientationLandscapeRight";
				IPHONEOS_DEPLOYMENT_TARGET = 16.6;
				LD_RUNPATH_SEARCH_PATHS = "@executable_path/Frameworks";
				"LD_RUNPATH_SEARCH_PATHS[sdk=macosx*]" = "@executable_path/../Frameworks";
				MACOSX_DEPLOYMENT_TARGET = 15.4;
				MARKETING_VERSION = 1.0;
				PRODUCT_BUNDLE_IDENTIFIER = com.cathalfarrell.PetsRUs;
				PRODUCT_NAME = "$(TARGET_NAME)";
				REGISTER_APP_GROUPS = YES;
				SDKROOT = auto;
				SUPPORTED_PLATFORMS = "iphoneos iphonesimulator macosx xros xrsimulator";
				SWIFT_EMIT_LOC_STRINGS = YES;
				SWIFT_VERSION = 5.0;
				TARGETED_DEVICE_FAMILY = "1,2,7";
				XROS_DEPLOYMENT_TARGET = 2.4;
			};
			name = Release;
		};
		8C7C309A2DDE186F00A4E3B5 /* Debug */ = {
			isa = XCBuildConfiguration;
			buildSettings = {
				BUNDLE_LOADER = "$(TEST_HOST)";
				CODE_SIGN_STYLE = Automatic;
				CURRENT_PROJECT_VERSION = 1;
				DEVELOPMENT_TEAM = UV8UF9RMEV;
				GENERATE_INFOPLIST_FILE = YES;
				IPHONEOS_DEPLOYMENT_TARGET = 18.4;
				MACOSX_DEPLOYMENT_TARGET = 15.4;
				MARKETING_VERSION = 1.0;
				PRODUCT_BUNDLE_IDENTIFIER = com.cathalfarrell.PetsRUsTests;
				PRODUCT_NAME = "$(TARGET_NAME)";
				SDKROOT = auto;
				SUPPORTED_PLATFORMS = "iphoneos iphonesimulator macosx xros xrsimulator";
				SWIFT_EMIT_LOC_STRINGS = NO;
				SWIFT_VERSION = 5.0;
				TARGETED_DEVICE_FAMILY = "1,2,7";
				TEST_HOST = "$(BUILT_PRODUCTS_DIR)/PetsRUs.app/$(BUNDLE_EXECUTABLE_FOLDER_PATH)/PetsRUs";
				XROS_DEPLOYMENT_TARGET = 2.4;
			};
			name = Debug;
		};
		8C7C309B2DDE186F00A4E3B5 /* Release */ = {
			isa = XCBuildConfiguration;
			buildSettings = {
				BUNDLE_LOADER = "$(TEST_HOST)";
				CODE_SIGN_STYLE = Automatic;
				CURRENT_PROJECT_VERSION = 1;
				DEVELOPMENT_TEAM = UV8UF9RMEV;
				GENERATE_INFOPLIST_FILE = YES;
				IPHONEOS_DEPLOYMENT_TARGET = 18.4;
				MACOSX_DEPLOYMENT_TARGET = 15.4;
				MARKETING_VERSION = 1.0;
				PRODUCT_BUNDLE_IDENTIFIER = com.cathalfarrell.PetsRUsTests;
				PRODUCT_NAME = "$(TARGET_NAME)";
				SDKROOT = auto;
				SUPPORTED_PLATFORMS = "iphoneos iphonesimulator macosx xros xrsimulator";
				SWIFT_EMIT_LOC_STRINGS = NO;
				SWIFT_VERSION = 5.0;
				TARGETED_DEVICE_FAMILY = "1,2,7";
				TEST_HOST = "$(BUILT_PRODUCTS_DIR)/PetsRUs.app/$(BUNDLE_EXECUTABLE_FOLDER_PATH)/PetsRUs";
				XROS_DEPLOYMENT_TARGET = 2.4;
			};
			name = Release;
		};
		8C7C309D2DDE186F00A4E3B5 /* Debug */ = {
			isa = XCBuildConfiguration;
			buildSettings = {
				CODE_SIGN_STYLE = Automatic;
				CURRENT_PROJECT_VERSION = 1;
				DEVELOPMENT_TEAM = UV8UF9RMEV;
				GENERATE_INFOPLIST_FILE = YES;
				IPHONEOS_DEPLOYMENT_TARGET = 18.4;
				MACOSX_DEPLOYMENT_TARGET = 15.4;
				MARKETING_VERSION = 1.0;
				PRODUCT_BUNDLE_IDENTIFIER = com.cathalfarrell.PetsRUsUITests;
				PRODUCT_NAME = "$(TARGET_NAME)";
				SDKROOT = auto;
				SUPPORTED_PLATFORMS = "iphoneos iphonesimulator macosx xros xrsimulator";
				SWIFT_EMIT_LOC_STRINGS = NO;
				SWIFT_VERSION = 5.0;
				TARGETED_DEVICE_FAMILY = "1,2,7";
				TEST_TARGET_NAME = PetsRUs;
				XROS_DEPLOYMENT_TARGET = 2.4;
			};
			name = Debug;
		};
		8C7C309E2DDE186F00A4E3B5 /* Release */ = {
			isa = XCBuildConfiguration;
			buildSettings = {
				CODE_SIGN_STYLE = Automatic;
				CURRENT_PROJECT_VERSION = 1;
				DEVELOPMENT_TEAM = UV8UF9RMEV;
				GENERATE_INFOPLIST_FILE = YES;
				IPHONEOS_DEPLOYMENT_TARGET = 18.4;
				MACOSX_DEPLOYMENT_TARGET = 15.4;
				MARKETING_VERSION = 1.0;
				PRODUCT_BUNDLE_IDENTIFIER = com.cathalfarrell.PetsRUsUITests;
				PRODUCT_NAME = "$(TARGET_NAME)";
				SDKROOT = auto;
				SUPPORTED_PLATFORMS = "iphoneos iphonesimulator macosx xros xrsimulator";
				SWIFT_EMIT_LOC_STRINGS = NO;
				SWIFT_VERSION = 5.0;
				TARGETED_DEVICE_FAMILY = "1,2,7";
				TEST_TARGET_NAME = PetsRUs;
				XROS_DEPLOYMENT_TARGET = 2.4;
			};
			name = Release;
		};
/* End XCBuildConfiguration section */

/* Begin XCConfigurationList section */
		8C7C306F2DDE186E00A4E3B5 /* Build configuration list for PBXProject "PetsRUs" */ = {
			isa = XCConfigurationList;
			buildConfigurations = (
				8C7C30942DDE186F00A4E3B5 /* Debug */,
				8C7C30952DDE186F00A4E3B5 /* Release */,
			);
			defaultConfigurationIsVisible = 0;
			defaultConfigurationName = Release;
		};
		8C7C30962DDE186F00A4E3B5 /* Build configuration list for PBXNativeTarget "PetsRUs" */ = {
			isa = XCConfigurationList;
			buildConfigurations = (
				8C7C30972DDE186F00A4E3B5 /* Debug */,
				8C7C30982DDE186F00A4E3B5 /* Release */,
			);
			defaultConfigurationIsVisible = 0;
			defaultConfigurationName = Release;
		};
		8C7C30992DDE186F00A4E3B5 /* Build configuration list for PBXNativeTarget "PetsRUsTests" */ = {
			isa = XCConfigurationList;
			buildConfigurations = (
				8C7C309A2DDE186F00A4E3B5 /* Debug */,
				8C7C309B2DDE186F00A4E3B5 /* Release */,
			);
			defaultConfigurationIsVisible = 0;
			defaultConfigurationName = Release;
		};
		8C7C309C2DDE186F00A4E3B5 /* Build configuration list for PBXNativeTarget "PetsRUsUITests" */ = {
			isa = XCConfigurationList;
			buildConfigurations = (
				8C7C309D2DDE186F00A4E3B5 /* Debug */,
				8C7C309E2DDE186F00A4E3B5 /* Release */,
			);
			defaultConfigurationIsVisible = 0;
			defaultConfigurationName = Release;
		};
/* End XCConfigurationList section */

/* Begin XCLocalSwiftPackageReference section */
		8C7097852DDF7CE5002E2C78 /* XCLocalSwiftPackageReference "LocalPackages/Petstore" */ = {
			isa = XCLocalSwiftPackageReference;
			relativePath = LocalPackages/Petstore;
		};
		8C7097882DDF7D03002E2C78 /* XCLocalSwiftPackageReference "LocalPackages/Todo" */ = {
			isa = XCLocalSwiftPackageReference;
			relativePath = LocalPackages/Todo;
		};
/* End XCLocalSwiftPackageReference section */

/* Begin XCSwiftPackageProductDependency section */
		8C7097862DDF7CE5002E2C78 /* Petstore */ = {
			isa = XCSwiftPackageProductDependency;
			productName = Petstore;
		};
		8C7097892DDF7D03002E2C78 /* Todo */ = {
			isa = XCSwiftPackageProductDependency;
			productName = Todo;
		};
		8C7C30AD2DDE1EEE00A4E3B5 /* Petstore */ = {
			isa = XCSwiftPackageProductDependency;
			productName = Petstore;
		};
		8C7C30B72DDE24D800A4E3B5 /* Todo */ = {
			isa = XCSwiftPackageProductDependency;
			productName = Todo;
		};
/* End XCSwiftPackageProductDependency section */
	};
	rootObject = 8C7C306C2DDE186E00A4E3B5 /* Project object */;
}
